# This file was autogenerated by Stack.
# You should not edit this file by hand.
# For more information, please see the documentation at:
#   https://docs.haskellstack.org/en/stable/lock_files

packages:
- completed:
    hackage: proxy-0.1.0.0@sha256:e50776346892a712d49fb8f9c3433a15d6c2ea362cb73040dbed420e21c3606f,825
    pantry-tree:
      size: 253
      sha256: 4bcae39706dd90a6e48f29a6875cfd491cbeea2749ae1b97baefb56e7e46b4a9
  original:
    hackage: proxy-0.1.0.0@sha256:e50776346892a712d49fb8f9c3433a15d6c2ea362cb73040dbed420e21c3606f,825
snapshots:
- completed:
    size: 532172
    url: https://raw.githubusercontent.com/commercialhaskell/stackage-snapshots/master/lts/16/18.yaml
    sha256: 4f2a092c6f4869854e8d7435ab98ce5157c641022c3cbfc4c4614ff3db752e62
  original: lts-16.18
